<?xml version="1.0" encoding="utf-8"?>
<Project ToolsVersion="4.0" xmlns="http://schemas.microsoft.com/developer/msbuild/2003">
  <ItemGroup>
    <Filter Include="Исходные файлы">
      <UniqueIdentifier>{4FC737F1-C7A5-4376-A066-2A32D752A2FF}</UniqueIdentifier>
      <Extensions>cpp;c;cc;cxx;c++;cppm;ixx;def;odl;idl;hpj;bat;asm;asmx</Extensions>
    </Filter>
    <Filter Include="Файлы заголовков">
      <UniqueIdentifier>{93995380-89BD-4b04-88EB-625FBE52EBFB}</UniqueIdentifier>
      <Extensions>h;hh;hpp;hxx;h++;hm;inl;inc;ipp;xsd</Extensions>
    </Filter>
    <Filter Include="Файлы ресурсов">
      <UniqueIdentifier>{67DA6AB6-F800-4c08-8B7A-83BB121AAD01}</UniqueIdentifier>
      <Extensions>rc;ico;cur;bmp;dlg;rc2;rct;bin;rgs;gif;jpg;jpeg;jpe;resx;tiff;tif;png;wav;mfcribbon-ms</Extensions>
    </Filter>
    <Filter Include="Исходные файлы\Model">
      <UniqueIdentifier>{d6fcfbbb-2193-4fc7-8a6e-a77afbc303d3}</UniqueIdentifier>
    </Filter>
    <Filter Include="Файлы заголовков\Model">
      <UniqueIdentifier>{22bf63b7-7ef6-43ed-912b-3357fb2af4bc}</UniqueIdentifier>
    </Filter>
    <Filter Include="View">
      <UniqueIdentifier>{fdc5eefd-a15d-4762-abb2-5474d13c0ff5}</UniqueIdentifier>
    </Filter>
    <Filter Include="Файлы заголовков\View">
      <UniqueIdentifier>{a34f4c65-a31b-47e4-a1ee-cd5c680b9fed}</UniqueIdentifier>
    </Filter>
    <Filter Include="Исходные файлы\Controller">
      <UniqueIdentifier>{407f90ae-28af-47cc-8096-39f807773e90}</UniqueIdentifier>
    </Filter>
    <Filter Include="Файлы заголовков\Controller">
      <UniqueIdentifier>{fd2252ed-3a29-4d25-89ed-abf5ccdf8339}</UniqueIdentifier>
    </Filter>
  </ItemGroup>
  <ItemGroup>
    <ClCompile Include="CardModel.cpp">
      <Filter>Исходные файлы\Model</Filter>
    </ClCompile>
    <ClCompile Include="DeckModel.cpp">
      <Filter>Исходные файлы\Model</Filter>
    </ClCompile>
    <ClCompile Include="PlayerModel.cpp">
      <Filter>Исходные файлы\Model</Filter>
    </ClCompile>
    <ClCompile Include="blackjack.cpp">
      <Filter>Исходные файлы</Filter>
    </ClCompile>
    <ClCompile Include="DealerModel.cpp">
      <Filter>Исходные файлы\Model</Filter>
    </ClCompile>
    <ClCompile Include="TableModel.cpp">
      <Filter>Исходные файлы\Model</Filter>
    </ClCompile>
    <ClCompile Include="TableView.cpp">
      <Filter>View</Filter>
    </ClCompile>
    <ClCompile Include="TableController.cpp">
      <Filter>Исходные файлы\Controller</Filter>
    </ClCompile>
  </ItemGroup>
  <ItemGroup>
    <ClInclude Include="CardModel.h">
      <Filter>Файлы заголовков\Model</Filter>
    </ClInclude>
    <ClInclude Include="DeckModel.h">
      <Filter>Файлы заголовков\Model</Filter>
    </ClInclude>
    <ClInclude Include="PlayerModel.h">
      <Filter>Файлы заголовков\Model</Filter>
    </ClInclude>
    <ClInclude Include="DealerModel.h">
      <Filter>Файлы заголовков\Model</Filter>
    </ClInclude>
    <ClInclude Include="TableModel.h">
      <Filter>Файлы заголовков\Model</Filter>
    </ClInclude>
    <ClInclude Include="TableView.h">
      <Filter>Файлы заголовков\View</Filter>
    </ClInclude>
    <ClInclude Include="TableController.h">
      <Filter>Файлы заголовков\Controller</Filter>
    </ClInclude>
  </ItemGroup>
</Project>